
Microsoft Visual Studio Solution File, Format Version 12.00
# Visual Studio Version 17
VisualStudioVersion = 17.14.36327.8 d17.14
MinimumVisualStudioVersion = 10.0.40219.1
Project("{FAE04EC0-301F-11D3-BF4B-00C04F79EFBC}") = "PokemonWorld", "PokemonWorld\PokemonWorld.csproj", "{FDB77CA3-FC35-4C63-8D62-4A5BEC5C5661}"
EndProject
Global
	GlobalSection(SolutionConfigurationPlatforms) = preSolution
		Debug|Any CPU = Debug|Any CPU
		Release|Any CPU = Release|Any CPU
	EndGlobalSection
	GlobalSection(ProjectConfigurationPlatforms) = postSolution
		{FDB77CA3-FC35-4C63-8D62-4A5BEC5C5661}.Debug|Any CPU.ActiveCfg = Debug|Any CPU
		{FDB77CA3-FC35-4C63-8D62-4A5BEC5C5661}.Debug|Any CPU.Build.0 = Debug|Any CPU
		{FDB77CA3-FC35-4C63-8D62-4A5BEC5C5661}.Release|Any CPU.ActiveCfg = Release|Any CPU
		{FDB77CA3-FC35-4C63-8D62-4A5BEC5C5661}.Release|Any CPU.Build.0 = Release|Any CPU
	EndGlobalSection
	GlobalSection(SolutionProperties) = preSolution
		HideSolutionNode = FALSE
	EndGlobalSection
	GlobalSection(ExtensibilityGlobals) = postSolution
		SolutionGuid = {AD49E9E9-B315-4A83-8B20-21E095A5CC34}
	EndGlobalSection
EndGlobal
